DEPENDENCIES
  alfresco-chef
    path: .
    metadata: true

GRAPH
  alfresco-chef (0.2.0)
    apt (>= 0.0.0)
    chef-client (>= 0.0.0)
  apt (2.6.1)
  chef-client (4.2.4)
    cron (>= 1.2.0)
    logrotate (>= 1.2.0)
    windows (~> 1.11)
  chef_handler (1.1.6)
  cron (1.6.1)
  logrotate (1.8.0)
  windows (1.36.6)
    chef_handler (>= 0.0.0)
